
Microsoft Visual Studio Solution File, Format Version 12.00
# Visual Studio Version 16
VisualStudioVersion = 16.0.30309.148
MinimumVisualStudioVersion = 10.0.40219.1
Project("{9A19103F-16F7-4668-BE54-9A1E7A4F7556}") = "BabylonBlazor", "BabylonBlazor\BabylonBlazor.csproj", "{3F0EC86C-A7A6-40DB-82A6-833F0F3C913F}"
EndProject
Global
	GlobalSection(SolutionConfigurationPlatforms) = preSolution
		Debug|Any CPU = Debug|Any CPU
		Release|Any CPU = Release|Any CPU
	EndGlobalSection
	GlobalSection(ProjectConfigurationPlatforms) = postSolution
		{3F0EC86C-A7A6-40DB-82A6-833F0F3C913F}.Debug|Any CPU.ActiveCfg = Debug|Any CPU
		{3F0EC86C-A7A6-40DB-82A6-833F0F3C913F}.Debug|Any CPU.Build.0 = Debug|Any CPU
		{3F0EC86C-A7A6-40DB-82A6-833F0F3C913F}.Release|Any CPU.ActiveCfg = Release|Any CPU
		{3F0EC86C-A7A6-40DB-82A6-833F0F3C913F}.Release|Any CPU.Build.0 = Release|Any CPU
	EndGlobalSection
	GlobalSection(SolutionProperties) = preSolution
		HideSolutionNode = FALSE
	EndGlobalSection
	GlobalSection(ExtensibilityGlobals) = postSolution
		SolutionGuid = {03852B19-9E38-4737-A5DF-2919328A89A9}
	EndGlobalSection
EndGlobal
